
Microsoft Visual Studio Solution File, Format Version 12.00
# Visual Studio Version 16
VisualStudioVersion = 16.0.28803.202
MinimumVisualStudioVersion = 10.0.40219.1
Project("{9A19103F-16F7-4668-BE54-9A1E7A4F7556}") = "Silver Inventory", "Silver Inventory\Silver Inventory.csproj", "{EDABAA56-22CE-4B18-843A-46DEEC6530D7}"
EndProject
Project("{FAE04EC0-301F-11D3-BF4B-00C04F79EFBC}") = "TreasureChestUI", "TreasureChestUI\TreasureChestUI.csproj", "{B6F7217B-92DA-4F1E-8C6F-5F9DF06C981E}"
EndProject
Global
	GlobalSection(SolutionConfigurationPlatforms) = preSolution
		Debug|Any CPU = Debug|Any CPU
		Release|Any CPU = Release|Any CPU
	EndGlobalSection
	GlobalSection(ProjectConfigurationPlatforms) = postSolution
		{EDABAA56-22CE-4B18-843A-46DEEC6530D7}.Debug|Any CPU.ActiveCfg = Debug|Any CPU
		{EDABAA56-22CE-4B18-843A-46DEEC6530D7}.Debug|Any CPU.Build.0 = Debug|Any CPU
		{EDABAA56-22CE-4B18-843A-46DEEC6530D7}.Release|Any CPU.ActiveCfg = Release|Any CPU
		{EDABAA56-22CE-4B18-843A-46DEEC6530D7}.Release|Any CPU.Build.0 = Release|Any CPU
		{B6F7217B-92DA-4F1E-8C6F-5F9DF06C981E}.Debug|Any CPU.ActiveCfg = Debug|Any CPU
		{B6F7217B-92DA-4F1E-8C6F-5F9DF06C981E}.Debug|Any CPU.Build.0 = Debug|Any CPU
		{B6F7217B-92DA-4F1E-8C6F-5F9DF06C981E}.Release|Any CPU.ActiveCfg = Release|Any CPU
		{B6F7217B-92DA-4F1E-8C6F-5F9DF06C981E}.Release|Any CPU.Build.0 = Release|Any CPU
	EndGlobalSection
	GlobalSection(SolutionProperties) = preSolution
		HideSolutionNode = FALSE
	EndGlobalSection
	GlobalSection(ExtensibilityGlobals) = postSolution
		SolutionGuid = {9A6973FE-42BC-4FAA-B5AC-52FA1169F191}
	EndGlobalSection
EndGlobal
